# THIS IS AN AUTOGENERATED FILE. DO NOT EDIT THIS FILE DIRECTLY.
# yarn lockfile v1


"@types/node@^13.13.4":
  version "13.13.4"
  resolved "https://registry.yarnpkg.com/@types/node/-/node-13.13.4.tgz#1581d6c16e3d4803eb079c87d4ac893ee7501c2c"
  integrity sha512-x26ur3dSXgv5AwKS0lNfbjpCakGIduWU1DU91Zz58ONRWrIKGunmZBNv4P7N+e27sJkiGDsw/3fT4AtsqQBrBA==

uuid@8.0.0:
  version "8.0.0"
  resolved "https://registry.yarnpkg.com/uuid/-/uuid-8.0.0.tgz#bc6ccf91b5ff0ac07bbcdbf1c7c4e150db4dbb6c"
  integrity sha512-jOXGuXZAWdsTH7eZLtyXMqUb9EcWMGZNbL9YcGBJl4MH4nrxHmZJhEHvyLFrkxo+28uLb/NYRcStH48fnD0Vzw==

uuidv4@^6.0.8:
  version "6.0.8"
  resolved "https://registry.yarnpkg.com/uuidv4/-/uuidv4-6.0.8.tgz#4e0e698abdd62d5d43743837182dc42de1a7f9bb"
  integrity sha512-d9nfWXtmCoAKVCEj5agRSyDa7S2rsHGtp/E9e/fJGrxoLKkXu6cFpXxJvWKHC5oBO69Jzwq/bXlK92JidXOcQQ==
  dependencies:
    uuid "8.0.0"
